// !$*UTF8*$!
{
	archiveVersion = 1;
	classes = {
	};
	objectVersion = 50;
	objects = {

/* Begin PBXBuildFile section */
		B56F153824A9756300967A2A /* NoteViewController.swift in Sources */ = {isa = PBXBuildFile; fileRef = B56F153724A9756300967A2A /* NoteViewController.swift */; };
		B56F153A24A975FA00967A2A /* NoteTableViewController.swift in Sources */ = {isa = PBXBuildFile; fileRef = B56F153924A975FA00967A2A /* NoteTableViewController.swift */; };
		B56F153C24A9765C00967A2A /* MoveToViewController.swift in Sources */ = {isa = PBXBuildFile; fileRef = B56F153B24A9765C00967A2A /* MoveToViewController.swift */; };
		B56F153E24A976CA00967A2A /* FolderTableViewController.swift in Sources */ = {isa = PBXBuildFile; fileRef = B56F153D24A976CA00967A2A /* FolderTableViewController.swift */; };
		B57E58C424A655A400619588 /* AppDelegate.swift in Sources */ = {isa = PBXBuildFile; fileRef = B57E58C324A655A400619588 /* AppDelegate.swift */; };
		B57E58C624A655A400619588 /* SceneDelegate.swift in Sources */ = {isa = PBXBuildFile; fileRef = B57E58C524A655A400619588 /* SceneDelegate.swift */; };
		B57E58CB24A655A400619588 /* Main.storyboard in Resources */ = {isa = PBXBuildFile; fileRef = B57E58C924A655A400619588 /* Main.storyboard */; };
		B57E58CE24A655A400619588 /* To_Do_App.xcdatamodeld in Sources */ = {isa = PBXBuildFile; fileRef = B57E58CC24A655A400619588 /* To_Do_App.xcdatamodeld */; };
		B57E58D024A655A500619588 /* Assets.xcassets in Resources */ = {isa = PBXBuildFile; fileRef = B57E58CF24A655A500619588 /* Assets.xcassets */; };
		B57E58D324A655A500619588 /* LaunchScreen.storyboard in Resources */ = {isa = PBXBuildFile; fileRef = B57E58D124A655A500619588 /* LaunchScreen.storyboard */; };
		B5B5819D24AAEC3B0016DD7F /* applelogo.png in Resources */ = {isa = PBXBuildFile; fileRef = B5B5819C24AAEC3B0016DD7F /* applelogo.png */; };
/* End PBXBuildFile section */

/* Begin PBXFileReference section */
		B56F153724A9756300967A2A /* NoteViewController.swift */ = {isa = PBXFileReference; lastKnownFileType = sourcecode.swift; path = NoteViewController.swift; sourceTree = "<group>"; };
		B56F153924A975FA00967A2A /* NoteTableViewController.swift */ = {isa = PBXFileReference; lastKnownFileType = sourcecode.swift; path = NoteTableViewController.swift; sourceTree = "<group>"; };
		B56F153B24A9765C00967A2A /* MoveToViewController.swift */ = {isa = PBXFileReference; lastKnownFileType = sourcecode.swift; path = MoveToViewController.swift; sourceTree = "<group>"; };
		B56F153D24A976CA00967A2A /* FolderTableViewController.swift */ = {isa = PBXFileReference; lastKnownFileType = sourcecode.swift; path = FolderTableViewController.swift; sourceTree = "<group>"; };
		B57E58C024A655A400619588 /* To_Do_App.app */ = {isa = PBXFileReference; explicitFileType = wrapper.application; includeInIndex = 0; path = To_Do_App.app; sourceTree = BUILT_PRODUCTS_DIR; };
		B57E58C324A655A400619588 /* AppDelegate.swift */ = {isa = PBXFileReference; lastKnownFileType = sourcecode.swift; path = AppDelegate.swift; sourceTree = "<group>"; };
		B57E58C524A655A400619588 /* SceneDelegate.swift */ = {isa = PBXFileReference; lastKnownFileType = sourcecode.swift; path = SceneDelegate.swift; sourceTree = "<group>"; };
		B57E58CA24A655A400619588 /* Base */ = {isa = PBXFileReference; lastKnownFileType = file.storyboard; name = Base; path = Base.lproj/Main.storyboard; sourceTree = "<group>"; };
		B57E58CD24A655A400619588 /* To_Do_App.xcdatamodel */ = {isa = PBXFileReference; lastKnownFileType = wrapper.xcdatamodel; path = To_Do_App.xcdatamodel; sourceTree = "<group>"; };
		B57E58CF24A655A500619588 /* Assets.xcassets */ = {isa = PBXFileReference; lastKnownFileType = folder.assetcatalog; path = Assets.xcassets; sourceTree = "<group>"; };
		B57E58D224A655A500619588 /* Base */ = {isa = PBXFileReference; lastKnownFileType = file.storyboard; name = Base; path = Base.lproj/LaunchScreen.storyboard; sourceTree = "<group>"; };
		B57E58D424A655A500619588 /* Info.plist */ = {isa = PBXFileReference; lastKnownFileType = text.plist.xml; path = Info.plist; sourceTree = "<group>"; };
		B5B5819C24AAEC3B0016DD7F /* applelogo.png */ = {isa = PBXFileReference; lastKnownFileType = image.png; name = applelogo.png; path = ../../../Downloads/applelogo.png; sourceTree = "<group>"; };
/* End PBXFileReference section */

/* Begin PBXFrameworksBuildPhase section */
		B57E58BD24A655A400619588 /* Frameworks */ = {
			isa = PBXFrameworksBuildPhase;
			buildActionMask = 2147483647;
			files = (
			);
			runOnlyForDeploymentPostprocessing = 0;
		};
/* End PBXFrameworksBuildPhase section */

/* Begin PBXGroup section */
		B57E58B724A655A400619588 = {
			isa = PBXGroup;
			children = (
				B57E58C224A655A400619588 /* To_Do_App */,
				B57E58C124A655A400619588 /* Products */,
			);
			sourceTree = "<group>";
		};
		B57E58C124A655A400619588 /* Products */ = {
			isa = PBXGroup;
			children = (
				B57E58C024A655A400619588 /* To_Do_App.app */,
			);
			name = Products;
			sourceTree = "<group>";
		};
		B57E58C224A655A400619588 /* To_Do_App */ = {
			isa = PBXGroup;
			children = (
				B5B5819C24AAEC3B0016DD7F /* applelogo.png */,
				B57E58C324A655A400619588 /* AppDelegate.swift */,
				B57E58C524A655A400619588 /* SceneDelegate.swift */,
				B57E58C924A655A400619588 /* Main.storyboard */,
				B57E58CF24A655A500619588 /* Assets.xcassets */,
				B57E58D124A655A500619588 /* LaunchScreen.storyboard */,
				B57E58D424A655A500619588 /* Info.plist */,
				B57E58CC24A655A400619588 /* To_Do_App.xcdatamodeld */,
				B56F153724A9756300967A2A /* NoteViewController.swift */,
				B56F153B24A9765C00967A2A /* MoveToViewController.swift */,
				B56F153D24A976CA00967A2A /* FolderTableViewController.swift */,
				B56F153924A975FA00967A2A /* NoteTableViewController.swift */,
			);
			path = To_Do_App;
			sourceTree = "<group>";
		};
/* End PBXGroup section */

/* Begin PBXNativeTarget section */
		B57E58BF24A655A400619588 /* To_Do_App */ = {
			isa = PBXNativeTarget;
			buildConfigurationList = B57E58D724A655A500619588 /* Build configuration list for PBXNativeTarget "To_Do_App" */;
			buildPhases = (
				B57E58BC24A655A400619588 /* Sources */,
				B57E58BD24A655A400619588 /* Frameworks */,
				B57E58BE24A655A400619588 /* Resources */,
			);
			buildRules = (
			);
			dependencies = (
			);
			name = To_Do_App;
			productName = To_Do_App;
			productReference = B57E58C024A655A400619588 /* To_Do_App.app */;
			productType = "com.apple.product-type.application";
		};
/* End PBXNativeTarget section */

/* Begin PBXProject section */
		B57E58B824A655A400619588 /* Project object */ = {
			isa = PBXProject;
			attributes = {
				LastSwiftUpdateCheck = 1150;
				LastUpgradeCheck = 1150;
				ORGANIZATIONNAME = user173890;
				TargetAttributes = {
					B57E58BF24A655A400619588 = {
						CreatedOnToolsVersion = 11.5;
					};
				};
			};
			buildConfigurationList = B57E58BB24A655A400619588 /* Build configuration list for PBXProject "To_Do_App" */;
			compatibilityVersion = "Xcode 9.3";
			developmentRegion = en;
			hasScannedForEncodings = 0;
			knownRegions = (
				en,
				Base,
			);
			mainGroup = B57E58B724A655A400619588;
			productRefGroup = B57E58C124A655A400619588 /* Products */;
			projectDirPath = "";
			projectRoot = "";
			targets = (
				B57E58BF24A655A400619588 /* To_Do_App */,
			);
		};
/* End PBXProject section */

/* Begin PBXResourcesBuildPhase section */
		B57E58BE24A655A400619588 /* Resources */ = {
			isa = PBXResourcesBuildPhase;
			buildActionMask = 2147483647;
			files = (
				B5B5819D24AAEC3B0016DD7F /* applelogo.png in Resources */,
				B57E58D324A655A500619588 /* LaunchScreen.storyboard in Resources */,
				B57E58D024A655A500619588 /* Assets.xcassets in Resources */,
				B57E58CB24A655A400619588 /* Main.storyboard in Resources */,
			);
			runOnlyForDeploymentPostprocessing = 0;
		};
/* End PBXResourcesBuildPhase section */

/* Begin PBXSourcesBuildPhase section */
		B57E58BC24A655A400619588 /* Sources */ = {
			isa = PBXSourcesBuildPhase;
			buildActionMask = 2147483647;
			files = (
				B57E58C424A655A400619588 /* AppDelegate.swift in Sources */,
				B56F153C24A9765C00967A2A /* MoveToViewController.swift in Sources */,
				B57E58C624A655A400619588 /* SceneDelegate.swift in Sources */,
				B56F153A24A975FA00967A2A /* NoteTableViewController.swift in Sources */,
				B56F153E24A976CA00967A2A /* FolderTableViewController.swift in Sources */,
				B56F153824A9756300967A2A /* NoteViewController.swift in Sources */,
				B57E58CE24A655A400619588 /* To_Do_App.xcdatamodeld in Sources */,
			);
			runOnlyForDeploymentPostprocessing = 0;
		};
/* End PBXSourcesBuildPhase section */

/* Begin PBXVariantGroup section */
		B57E58C924A655A400619588 /* Main.storyboard */ = {
			isa = PBXVariantGroup;
			children = (
				B57E58CA24A655A400619588 /* Base */,
			);
			name = Main.storyboard;
			sourceTree = "<group>";
		};
		B57E58D124A655A500619588 /* LaunchScreen.storyboard */ = {
			isa = PBXVariantGroup;
			children = (
				B57E58D224A655A500619588 /* Base */,
			);
			name = LaunchScreen.storyboard;
			sourceTree = "<group>";
		};
/* End PBXVariantGroup section */

/* Begin XCBuildConfiguration section */
		B57E58D524A655A500619588 /* Debug */ = {
			isa = XCBuildConfiguration;
			buildSettings = {
				ALWAYS_SEARCH_USER_PATHS = NO;
				CLANG_ANALYZER_NONNULL = YES;
				CLANG_ANALYZER_NUMBER_OBJECT_CONVERSION = YES_AGGRESSIVE;
				CLANG_CXX_LANGUAGE_STANDARD = "gnu++14";
				CLANG_CXX_LIBRARY = "libc++";
				CLANG_ENABLE_MODULES = YES;
				CLANG_ENABLE_OBJC_ARC = YES;
				CLANG_ENABLE_OBJC_WEAK = YES;
				CLANG_WARN_BLOCK_CAPTURE_AUTORELEASING = YES;
				CLANG_WARN_BOOL_CONVERSION = YES;
				CLANG_WARN_COMMA = YES;
				CLANG_WARN_CONSTANT_CONVERSION = YES;
				CLANG_WARN_DEPRECATED_OBJC_IMPLEMENTATIONS = YES;
				CLANG_WARN_DIRECT_OBJC_ISA_USAGE = YES_ERROR;
				CLANG_WARN_DOCUMENTATION_COMMENTS = YES;
				CLANG_WARN_EMPTY_BODY = YES;
				CLANG_WARN_ENUM_CONVERSION = YES;
				CLANG_WARN_INFINITE_RECURSION = YES;
				CLANG_WARN_INT_CONVERSION = YES;
				CLANG_WARN_NON_LITERAL_NULL_CONVERSION = YES;
				CLANG_WARN_OBJC_IMPLICIT_RETAIN_SELF = YES;
				CLANG_WARN_OBJC_LITERAL_CONVERSION = YES;
				CLANG_WARN_OBJC_ROOT_CLASS = YES_ERROR;
				CLANG_WARN_RANGE_LOOP_ANALYSIS = YES;
				CLANG_WARN_STRICT_PROTOTYPES = YES;
				CLANG_WARN_SUSPICIOUS_MOVE = YES;
				CLANG_WARN_UNGUARDED_AVAILABILITY = YES_AGGRESSIVE;
				CLANG_WARN_UNREACHABLE_CODE = YES;
				CLANG_WARN__DUPLICATE_METHOD_MATCH = YES;
				COPY_PHASE_STRIP = NO;
				DEBUG_INFORMATION_FORMAT = dwarf;
				ENABLE_STRICT_OBJC_MSGSEND = YES;
				ENABLE_TESTABILITY = YES;
				GCC_C_LANGUAGE_STANDARD = gnu11;
				GCC_DYNAMIC_NO_PIC = NO;
				GCC_NO_COMMON_BLOCKS = YES;
				GCC_OPTIMIZATION_LEVEL = 0;
				GCC_PREPROCESSOR_DEFINITIONS = (
					"DEBUG=1",
					"$(inherited)",
				);
				GCC_WARN_64_TO_32_BIT_CONVERSION = YES;
				GCC_WARN_ABOUT_RETURN_TYPE = YES_ERROR;
				GCC_WARN_UNDECLARED_SELECTOR = YES;
				GCC_WARN_UNINITIALIZED_AUTOS = YES_AGGRESSIVE;
				GCC_WARN_UNUSED_FUNCTION = YES;
				GCC_WARN_UNUSED_VARIABLE = YES;
				IPHONEOS_DEPLOYMENT_TARGET = 13.5;
				MTL_ENABLE_DEBUG_INFO = INCLUDE_SOURCE;
				MTL_FAST_MATH = YES;
				ONLY_ACTIVE_ARCH = YES;
				SDKROOT = iphoneos;
				SWIFT_ACTIVE_COMPILATION_CONDITIONS = DEBUG;
				SWIFT_OPTIMIZATION_LEVEL = "-Onone";
			};
			name = Debug;
		};
		B57E58D624A655A500619588 /* Release */ = {
			isa = XCBuildConfiguration;
			buildSettings = {
				ALWAYS_SEARCH_USER_PATHS = NO;
				CLANG_ANALYZER_NONNULL = YES;
				CLANG_ANALYZER_NUMBER_OBJECT_CONVERSION = YES_AGGRESSIVE;
				CLANG_CXX_LANGUAGE_STANDARD = "gnu++14";
				CLANG_CXX_LIBRARY = "libc++";
				CLANG_ENABLE_MODULES = YES;
				CLANG_ENABLE_OBJC_ARC = YES;
				CLANG_ENABLE_OBJC_WEAK = YES;
				CLANG_WARN_BLOCK_CAPTURE_AUTORELEASING = YES;
				CLANG_WARN_BOOL_CONVERSION = YES;
				CLANG_WARN_COMMA = YES;
				CLANG_WARN_CONSTANT_CONVERSION = YES;
				CLANG_WARN_DEPRECATED_OBJC_IMPLEMENTATIONS = YES;
				CLANG_WARN_DIRECT_OBJC_ISA_USAGE = YES_ERROR;
				CLANG_WARN_DOCUMENTATION_COMMENTS = YES;
				CLANG_WARN_EMPTY_BODY = YES;
				CLANG_WARN_ENUM_CONVERSION = YES;
				CLANG_WARN_INFINITE_RECURSION = YES;
				CLANG_WARN_INT_CONVERSION = YES;
				CLANG_WARN_NON_LITERAL_NULL_CONVERSION = YES;
				CLANG_WARN_OBJC_IMPLICIT_RETAIN_SELF = YES;
				CLANG_WARN_OBJC_LITERAL_CONVERSION = YES;
				CLANG_WARN_OBJC_ROOT_CLASS = YES_ERROR;
				CLANG_WARN_RANGE_LOOP_ANALYSIS = YES;
				CLANG_WARN_STRICT_PROTOTYPES = YES;
				CLANG_WARN_SUSPICIOUS_MOVE = YES;
				CLANG_WARN_UNGUARDED_AVAILABILITY = YES_AGGRESSIVE;
				CLANG_WARN_UNREACHABLE_CODE = YES;
				CLANG_WARN__DUPLICATE_METHOD_MATCH = YES;
				COPY_PHASE_STRIP = NO;
				DEBUG_INFORMATION_FORMAT = "dwarf-with-dsym";
				ENABLE_NS_ASSERTIONS = NO;
				ENABLE_STRICT_OBJC_MSGSEND = YES;
				GCC_C_LANGUAGE_STANDARD = gnu11;
				GCC_NO_COMMON_BLOCKS = YES;
				GCC_WARN_64_TO_32_BIT_CONVERSION = YES;
				GCC_WARN_ABOUT_RETURN_TYPE = YES_ERROR;
				GCC_WARN_UNDECLARED_SELECTOR = YES;
				GCC_WARN_UNINITIALIZED_AUTOS = YES_AGGRESSIVE;
				GCC_WARN_UNUSED_FUNCTION = YES;
				GCC_WARN_UNUSED_VARIABLE = YES;
				IPHONEOS_DEPLOYMENT_TARGET = 13.5;
				MTL_ENABLE_DEBUG_INFO = NO;
				MTL_FAST_MATH = YES;
				SDKROOT = iphoneos;
				SWIFT_COMPILATION_MODE = wholemodule;
				SWIFT_OPTIMIZATION_LEVEL = "-O";
				VALIDATE_PRODUCT = YES;
			};
			name = Release;
		};
		B57E58D824A655A500619588 /* Debug */ = {
			isa = XCBuildConfiguration;
			buildSettings = {
				ASSETCATALOG_COMPILER_APPICON_NAME = AppIcon;
				CODE_SIGN_STYLE = Automatic;
				DEVELOPMENT_TEAM = YDS84CWUJR;
				INFOPLIST_FILE = To_Do_App/Info.plist;
				LD_RUNPATH_SEARCH_PATHS = (
					"$(inherited)",
					"@executable_path/Frameworks",
				);
				PRODUCT_BUNDLE_IDENTIFIER = "swati.To-Do-App";
				PRODUCT_NAME = "$(TARGET_NAME)";
				SWIFT_VERSION = 5.0;
				TARGETED_DEVICE_FAMILY = "1,2";
			};
			name = Debug;
		};
		B57E58D924A655A500619588 /* Release */ = {
			isa = XCBuildConfiguration;
			buildSettings = {
				ASSETCATALOG_COMPILER_APPICON_NAME = AppIcon;
				CODE_SIGN_STYLE = Automatic;
				DEVELOPMENT_TEAM = YDS84CWUJR;
				INFOPLIST_FILE = To_Do_App/Info.plist;
				LD_RUNPATH_SEARCH_PATHS = (
					"$(inherited)",
					"@executable_path/Frameworks",
				);
				PRODUCT_BUNDLE_IDENTIFIER = "swati.To-Do-App";
				PRODUCT_NAME = "$(TARGET_NAME)";
				SWIFT_VERSION = 5.0;
				TARGETED_DEVICE_FAMILY = "1,2";
			};
			name = Release;
		};
/* End XCBuildConfiguration section */

/* Begin XCConfigurationList section */
		B57E58BB24A655A400619588 /* Build configuration list for PBXProject "To_Do_App" */ = {
			isa = XCConfigurationList;
			buildConfigurations = (
				B57E58D524A655A500619588 /* Debug */,
				B57E58D624A655A500619588 /* Release */,
			);
			defaultConfigurationIsVisible = 0;
			defaultConfigurationName = Release;
		};
		B57E58D724A655A500619588 /* Build configuration list for PBXNativeTarget "To_Do_App" */ = {
			isa = XCConfigurationList;
			buildConfigurations = (
				B57E58D824A655A500619588 /* Debug */,
				B57E58D924A655A500619588 /* Release */,
			);
			defaultConfigurationIsVisible = 0;
			defaultConfigurationName = Release;
		};
/* End XCConfigurationList section */

/* Begin XCVersionGroup section */
		B57E58CC24A655A400619588 /* To_Do_App.xcdatamodeld */ = {
			isa = XCVersionGroup;
			children = (
				B57E58CD24A655A400619588 /* To_Do_App.xcdatamodel */,
			);
			currentVersion = B57E58CD24A655A400619588 /* To_Do_App.xcdatamodel */;
			path = To_Do_App.xcdatamodeld;
			sourceTree = "<group>";
			versionGroupType = wrapper.xcdatamodel;
		};
/* End XCVersionGroup section */
	};
	rootObject = B57E58B824A655A400619588 /* Project object */;
}
